
Microsoft Visual Studio Solution File, Format Version 12.00
# Visual Studio Version 17
VisualStudioVersion = 17.0.31903.59
MinimumVisualStudioVersion = 10.0.40219.1
Project("{2150E333-8FDC-42A3-9474-1A3956D46DE8}") = "src", "src", "{827E0CD3-B72D-47B6-A68D-7590B98EB39B}"
EndProject
Project("{FAE04EC0-301F-11D3-BF4B-00C04F79EFBC}") = "CloudMigrationTool.Web", "src\CloudMigrationTool.Web\CloudMigrationTool.Web.csproj", "{AE8ACD04-CE5B-4BAD-ACF2-7D30ADF894C4}"
EndProject
Project("{FAE04EC0-301F-11D3-BF4B-00C04F79EFBC}") = "CloudMigrationTool.Core", "src\CloudMigrationTool.Core\CloudMigrationTool.Core.csproj", "{AF0E62E9-1E84-4A9E-B2C3-45D94E9043AD}"
EndProject
Project("{FAE04EC0-301F-11D3-BF4B-00C04F79EFBC}") = "CloudMigrationTool.Infrastructure", "src\CloudMigrationTool.Infrastructure\CloudMigrationTool.Infrastructure.csproj", "{F69B57C6-63CD-46CF-9346-7B76CED955CC}"
EndProject
Project("{FAE04EC0-301F-11D3-BF4B-00C04F79EFBC}") = "CloudMigrationTool.Services", "src\CloudMigrationTool.Services\CloudMigrationTool.Services.csproj", "{C8A62844-1D9D-4344-8258-80E519909B88}"
EndProject
Project("{2150E333-8FDC-42A3-9474-1A3956D46DE8}") = "tests", "tests", "{0AB3BF05-4346-4AA6-1389-037BE0695223}"
EndProject
Project("{FAE04EC0-301F-11D3-BF4B-00C04F79EFBC}") = "CloudMigrationTool.Tests.Unit", "tests\CloudMigrationTool.Tests.Unit\CloudMigrationTool.Tests.Unit.csproj", "{17F3E190-5C9D-47C5-8F7F-4FB0A0E4E25A}"
EndProject
Project("{FAE04EC0-301F-11D3-BF4B-00C04F79EFBC}") = "CloudMigrationTool.Tests.Integration", "tests\CloudMigrationTool.Tests.Integration\CloudMigrationTool.Tests.Integration.csproj", "{C7B37C59-AA60-4AF3-885D-A7E792259418}"
EndProject
Global
	GlobalSection(SolutionConfigurationPlatforms) = preSolution
		Debug|Any CPU = Debug|Any CPU
		Debug|x64 = Debug|x64
		Debug|x86 = Debug|x86
		Release|Any CPU = Release|Any CPU
		Release|x64 = Release|x64
		Release|x86 = Release|x86
	EndGlobalSection
	GlobalSection(ProjectConfigurationPlatforms) = postSolution
		{AE8ACD04-CE5B-4BAD-ACF2-7D30ADF894C4}.Debug|Any CPU.ActiveCfg = Debug|Any CPU
		{AE8ACD04-CE5B-4BAD-ACF2-7D30ADF894C4}.Debug|Any CPU.Build.0 = Debug|Any CPU
		{AE8ACD04-CE5B-4BAD-ACF2-7D30ADF894C4}.Debug|x64.ActiveCfg = Debug|Any CPU
		{AE8ACD04-CE5B-4BAD-ACF2-7D30ADF894C4}.Debug|x64.Build.0 = Debug|Any CPU
		{AE8ACD04-CE5B-4BAD-ACF2-7D30ADF894C4}.Debug|x86.ActiveCfg = Debug|Any CPU
		{AE8ACD04-CE5B-4BAD-ACF2-7D30ADF894C4}.Debug|x86.Build.0 = Debug|Any CPU
		{AE8ACD04-CE5B-4BAD-ACF2-7D30ADF894C4}.Release|Any CPU.ActiveCfg = Release|Any CPU
		{AE8ACD04-CE5B-4BAD-ACF2-7D30ADF894C4}.Release|Any CPU.Build.0 = Release|Any CPU
		{AE8ACD04-CE5B-4BAD-ACF2-7D30ADF894C4}.Release|x64.ActiveCfg = Release|Any CPU
		{AE8ACD04-CE5B-4BAD-ACF2-7D30ADF894C4}.Release|x64.Build.0 = Release|Any CPU
		{AE8ACD04-CE5B-4BAD-ACF2-7D30ADF894C4}.Release|x86.ActiveCfg = Release|Any CPU
		{AE8ACD04-CE5B-4BAD-ACF2-7D30ADF894C4}.Release|x86.Build.0 = Release|Any CPU
		{AF0E62E9-1E84-4A9E-B2C3-45D94E9043AD}.Debug|Any CPU.ActiveCfg = Debug|Any CPU
		{AF0E62E9-1E84-4A9E-B2C3-45D94E9043AD}.Debug|Any CPU.Build.0 = Debug|Any CPU
		{AF0E62E9-1E84-4A9E-B2C3-45D94E9043AD}.Debug|x64.ActiveCfg = Debug|Any CPU
		{AF0E62E9-1E84-4A9E-B2C3-45D94E9043AD}.Debug|x64.Build.0 = Debug|Any CPU
		{AF0E62E9-1E84-4A9E-B2C3-45D94E9043AD}.Debug|x86.ActiveCfg = Debug|Any CPU
		{AF0E62E9-1E84-4A9E-B2C3-45D94E9043AD}.Debug|x86.Build.0 = Debug|Any CPU
		{AF0E62E9-1E84-4A9E-B2C3-45D94E9043AD}.Release|Any CPU.ActiveCfg = Release|Any CPU
		{AF0E62E9-1E84-4A9E-B2C3-45D94E9043AD}.Release|Any CPU.Build.0 = Release|Any CPU
		{AF0E62E9-1E84-4A9E-B2C3-45D94E9043AD}.Release|x64.ActiveCfg = Release|Any CPU
		{AF0E62E9-1E84-4A9E-B2C3-45D94E9043AD}.Release|x64.Build.0 = Release|Any CPU
		{AF0E62E9-1E84-4A9E-B2C3-45D94E9043AD}.Release|x86.ActiveCfg = Release|Any CPU
		{AF0E62E9-1E84-4A9E-B2C3-45D94E9043AD}.Release|x86.Build.0 = Release|Any CPU
		{F69B57C6-63CD-46CF-9346-7B76CED955CC}.Debug|Any CPU.ActiveCfg = Debug|Any CPU
		{F69B57C6-63CD-46CF-9346-7B76CED955CC}.Debug|Any CPU.Build.0 = Debug|Any CPU
		{F69B57C6-63CD-46CF-9346-7B76CED955CC}.Debug|x64.ActiveCfg = Debug|Any CPU
		{F69B57C6-63CD-46CF-9346-7B76CED955CC}.Debug|x64.Build.0 = Debug|Any CPU
		{F69B57C6-63CD-46CF-9346-7B76CED955CC}.Debug|x86.ActiveCfg = Debug|Any CPU
		{F69B57C6-63CD-46CF-9346-7B76CED955CC}.Debug|x86.Build.0 = Debug|Any CPU
		{F69B57C6-63CD-46CF-9346-7B76CED955CC}.Release|Any CPU.ActiveCfg = Release|Any CPU
		{F69B57C6-63CD-46CF-9346-7B76CED955CC}.Release|Any CPU.Build.0 = Release|Any CPU
		{F69B57C6-63CD-46CF-9346-7B76CED955CC}.Release|x64.ActiveCfg = Release|Any CPU
		{F69B57C6-63CD-46CF-9346-7B76CED955CC}.Release|x64.Build.0 = Release|Any CPU
		{F69B57C6-63CD-46CF-9346-7B76CED955CC}.Release|x86.ActiveCfg = Release|Any CPU
		{F69B57C6-63CD-46CF-9346-7B76CED955CC}.Release|x86.Build.0 = Release|Any CPU
		{C8A62844-1D9D-4344-8258-80E519909B88}.Debug|Any CPU.ActiveCfg = Debug|Any CPU
		{C8A62844-1D9D-4344-8258-80E519909B88}.Debug|Any CPU.Build.0 = Debug|Any CPU
		{C8A62844-1D9D-4344-8258-80E519909B88}.Debug|x64.ActiveCfg = Debug|Any CPU
		{C8A62844-1D9D-4344-8258-80E519909B88}.Debug|x64.Build.0 = Debug|Any CPU
		{C8A62844-1D9D-4344-8258-80E519909B88}.Debug|x86.ActiveCfg = Debug|Any CPU
		{C8A62844-1D9D-4344-8258-80E519909B88}.Debug|x86.Build.0 = Debug|Any CPU
		{C8A62844-1D9D-4344-8258-80E519909B88}.Release|Any CPU.ActiveCfg = Release|Any CPU
		{C8A62844-1D9D-4344-8258-80E519909B88}.Release|Any CPU.Build.0 = Release|Any CPU
		{C8A62844-1D9D-4344-8258-80E519909B88}.Release|x64.ActiveCfg = Release|Any CPU
		{C8A62844-1D9D-4344-8258-80E519909B88}.Release|x64.Build.0 = Release|Any CPU
		{C8A62844-1D9D-4344-8258-80E519909B88}.Release|x86.ActiveCfg = Release|Any CPU
		{C8A62844-1D9D-4344-8258-80E519909B88}.Release|x86.Build.0 = Release|Any CPU
		{17F3E190-5C9D-47C5-8F7F-4FB0A0E4E25A}.Debug|Any CPU.ActiveCfg = Debug|Any CPU
		{17F3E190-5C9D-47C5-8F7F-4FB0A0E4E25A}.Debug|Any CPU.Build.0 = Debug|Any CPU
		{17F3E190-5C9D-47C5-8F7F-4FB0A0E4E25A}.Debug|x64.ActiveCfg = Debug|Any CPU
		{17F3E190-5C9D-47C5-8F7F-4FB0A0E4E25A}.Debug|x64.Build.0 = Debug|Any CPU
		{17F3E190-5C9D-47C5-8F7F-4FB0A0E4E25A}.Debug|x86.ActiveCfg = Debug|Any CPU
		{17F3E190-5C9D-47C5-8F7F-4FB0A0E4E25A}.Debug|x86.Build.0 = Debug|Any CPU
		{17F3E190-5C9D-47C5-8F7F-4FB0A0E4E25A}.Release|Any CPU.ActiveCfg = Release|Any CPU
		{17F3E190-5C9D-47C5-8F7F-4FB0A0E4E25A}.Release|Any CPU.Build.0 = Release|Any CPU
		{17F3E190-5C9D-47C5-8F7F-4FB0A0E4E25A}.Release|x64.ActiveCfg = Release|Any CPU
		{17F3E190-5C9D-47C5-8F7F-4FB0A0E4E25A}.Release|x64.Build.0 = Release|Any CPU
		{17F3E190-5C9D-47C5-8F7F-4FB0A0E4E25A}.Release|x86.ActiveCfg = Release|Any CPU
		{17F3E190-5C9D-47C5-8F7F-4FB0A0E4E25A}.Release|x86.Build.0 = Release|Any CPU
		{C7B37C59-AA60-4AF3-885D-A7E792259418}.Debug|Any CPU.ActiveCfg = Debug|Any CPU
		{C7B37C59-AA60-4AF3-885D-A7E792259418}.Debug|Any CPU.Build.0 = Debug|Any CPU
		{C7B37C59-AA60-4AF3-885D-A7E792259418}.Debug|x64.ActiveCfg = Debug|Any CPU
		{C7B37C59-AA60-4AF3-885D-A7E792259418}.Debug|x64.Build.0 = Debug|Any CPU
		{C7B37C59-AA60-4AF3-885D-A7E792259418}.Debug|x86.ActiveCfg = Debug|Any CPU
		{C7B37C59-AA60-4AF3-885D-A7E792259418}.Debug|x86.Build.0 = Debug|Any CPU
		{C7B37C59-AA60-4AF3-885D-A7E792259418}.Release|Any CPU.ActiveCfg = Release|Any CPU
		{C7B37C59-AA60-4AF3-885D-A7E792259418}.Release|Any CPU.Build.0 = Release|Any CPU
		{C7B37C59-AA60-4AF3-885D-A7E792259418}.Release|x64.ActiveCfg = Release|Any CPU
		{C7B37C59-AA60-4AF3-885D-A7E792259418}.Release|x64.Build.0 = Release|Any CPU
		{C7B37C59-AA60-4AF3-885D-A7E792259418}.Release|x86.ActiveCfg = Release|Any CPU
		{C7B37C59-AA60-4AF3-885D-A7E792259418}.Release|x86.Build.0 = Release|Any CPU
	EndGlobalSection
	GlobalSection(SolutionProperties) = preSolution
		HideSolutionNode = FALSE
	EndGlobalSection
	GlobalSection(NestedProjects) = preSolution
		{AE8ACD04-CE5B-4BAD-ACF2-7D30ADF894C4} = {827E0CD3-B72D-47B6-A68D-7590B98EB39B}
		{AF0E62E9-1E84-4A9E-B2C3-45D94E9043AD} = {827E0CD3-B72D-47B6-A68D-7590B98EB39B}
		{F69B57C6-63CD-46CF-9346-7B76CED955CC} = {827E0CD3-B72D-47B6-A68D-7590B98EB39B}
		{C8A62844-1D9D-4344-8258-80E519909B88} = {827E0CD3-B72D-47B6-A68D-7590B98EB39B}
		{17F3E190-5C9D-47C5-8F7F-4FB0A0E4E25A} = {0AB3BF05-4346-4AA6-1389-037BE0695223}
		{C7B37C59-AA60-4AF3-885D-A7E792259418} = {0AB3BF05-4346-4AA6-1389-037BE0695223}
	EndGlobalSection
EndGlobal
